PODS:
  - display_metrics_ios (1.0.3):
    - Flutter
  - Flutter (1.0.0)

DEPENDENCIES:
  - display_metrics_ios (from `.symlinks/plugins/display_metrics_ios/ios`)
  - Flutter (from `Flutter`)

EXTERNAL SOURCES:
  display_metrics_ios:
    :path: ".symlinks/plugins/display_metrics_ios/ios"
  Flutter:
    :path: Flutter

SPEC CHECKSUMS:
  display_metrics_ios: 8cb6c613d3cda282e41488a7139398a1675f27da
  Flutter: e0871f40cf51350855a761d2e70bf5af5b9b5de7

PODFILE CHECKSUM: 10b75cae8b0e4f0acb86c1bf5bf0f50a9a144c71

COCOAPODS: 1.16.2
