PODS:
  - display_metrics (0.4.1):
    - Flutter
  - Flutter (1.0.0)

DEPENDENCIES:
  - display_metrics (from `.symlinks/plugins/display_metrics/ios`)
  - Flutter (from `Flutter`)

EXTERNAL SOURCES:
  display_metrics:
    :path: ".symlinks/plugins/display_metrics/ios"
  Flutter:
    :path: Flutter

SPEC CHECKSUMS:
  display_metrics: c95f49336329ec1f8ab275d8ab966dd049425285
  Flutter: e0871f40cf51350855a761d2e70bf5af5b9b5de7

PODFILE CHECKSUM: 10b75cae8b0e4f0acb86c1bf5bf0f50a9a144c71

COCOAPODS: 1.15.2
