PODS:
  - display_metrics (0.1.0):
    - Flutter
  - Flutter (1.0.0)
  - integration_test (0.0.1):
    - Flutter

DEPENDENCIES:
  - display_metrics (from `.symlinks/plugins/display_metrics/ios`)
  - Flutter (from `Flutter`)
  - integration_test (from `.symlinks/plugins/integration_test/ios`)

EXTERNAL SOURCES:
  display_metrics:
    :path: ".symlinks/plugins/display_metrics/ios"
  Flutter:
    :path: Flutter
  integration_test:
    :path: ".symlinks/plugins/integration_test/ios"

SPEC CHECKSUMS:
  display_metrics: 95869e7fab8503963ad4e70c257f0f184201f659
  Flutter: f04841e97a9d0b0a8025694d0796dd46242b2854
  integration_test: 13825b8a9334a850581300559b8839134b124670

PODFILE CHECKSUM: 5a35c580073c859afffb38a6a140f34612def22c

COCOAPODS: 1.13.0
